
Microsoft Visual Studio Solution File, Format Version 12.00
# Visual Studio 14
VisualStudioVersion = 14.0.22823.1
MinimumVisualStudioVersion = 10.0.40219.1
Project("{FAE04EC0-301F-11D3-BF4B-00C04F79EFBC}") = "IntelliTest", "IntelliTest\IntelliTest.csproj", "{0F5085E7-07C9-4610-A6A7-B284C7E3C89A}"
EndProject
Project("{FAE04EC0-301F-11D3-BF4B-00C04F79EFBC}") = "IntelliTest.Tests", "IntelliTest.Tests\IntelliTest.Tests.csproj", "{7BF1948F-0E27-4B8B-B4AF-E467DD6BF4C2}"
EndProject
Global
	GlobalSection(SolutionConfigurationPlatforms) = preSolution
		Debug|Any CPU = Debug|Any CPU
		Release|Any CPU = Release|Any CPU
	EndGlobalSection
	GlobalSection(ProjectConfigurationPlatforms) = postSolution
		{0F5085E7-07C9-4610-A6A7-B284C7E3C89A}.Debug|Any CPU.ActiveCfg = Debug|Any CPU
		{0F5085E7-07C9-4610-A6A7-B284C7E3C89A}.Debug|Any CPU.Build.0 = Debug|Any CPU
		{0F5085E7-07C9-4610-A6A7-B284C7E3C89A}.Release|Any CPU.ActiveCfg = Release|Any CPU
		{0F5085E7-07C9-4610-A6A7-B284C7E3C89A}.Release|Any CPU.Build.0 = Release|Any CPU
		{7BF1948F-0E27-4B8B-B4AF-E467DD6BF4C2}.Debug|Any CPU.ActiveCfg = Debug|Any CPU
		{7BF1948F-0E27-4B8B-B4AF-E467DD6BF4C2}.Debug|Any CPU.Build.0 = Debug|Any CPU
		{7BF1948F-0E27-4B8B-B4AF-E467DD6BF4C2}.Release|Any CPU.ActiveCfg = Release|Any CPU
		{7BF1948F-0E27-4B8B-B4AF-E467DD6BF4C2}.Release|Any CPU.Build.0 = Release|Any CPU
	EndGlobalSection
	GlobalSection(SolutionProperties) = preSolution
		HideSolutionNode = FALSE
	EndGlobalSection
	GlobalSection(TeamFoundationVersionControl) = preSolution
		SccNumberOfProjects = 3
		SccEnterpriseProvider = {4CA58AB2-18FA-4F8D-95D4-32DDF27D184C}
		SccTeamFoundationServer = https://goingdevopsonthemicrosoftstack.visualstudio.com/defaultcollection
		SccLocalPath0 = .
		SccProjectUniqueName1 = IntelliTest\\IntelliTest.csproj
		SccProjectName1 = IntelliTest
		SccLocalPath1 = IntelliTest
		SccProjectUniqueName2 = IntelliTest.Tests\\IntelliTest.Tests.csproj
		SccProjectName2 = IntelliTest.Tests
		SccLocalPath2 = IntelliTest.Tests
	EndGlobalSection
EndGlobal
