
Microsoft Visual Studio Solution File, Format Version 12.00
# Visual Studio 14
VisualStudioVersion = 14.0.22823.1
MinimumVisualStudioVersion = 10.0.40219.1
Project("{FAE04EC0-301F-11D3-BF4B-00C04F79EFBC}") = "RoslynPrefixNamespace", "RoslynPrefixNamespace\RoslynPrefixNamespace\RoslynPrefixNamespace.csproj", "{C97E7625-1A58-4696-91F6-F5F7B1CB9DD8}"
EndProject
Project("{FAE04EC0-301F-11D3-BF4B-00C04F79EFBC}") = "RoslynPrefixNamespace.Test", "RoslynPrefixNamespace\RoslynPrefixNamespace.Test\RoslynPrefixNamespace.Test.csproj", "{2F3447A6-4D18-4073-B350-CFB97D7BF382}"
EndProject
Project("{FAE04EC0-301F-11D3-BF4B-00C04F79EFBC}") = "RoslynPrefixNamespace.Vsix", "RoslynPrefixNamespace\RoslynPrefixNamespace.Vsix\RoslynPrefixNamespace.Vsix.csproj", "{AA6B4CDE-B567-46C9-BB13-00B4C12CFD1C}"
EndProject
Global
	GlobalSection(SolutionConfigurationPlatforms) = preSolution
		Debug|Any CPU = Debug|Any CPU
		Release|Any CPU = Release|Any CPU
	EndGlobalSection
	GlobalSection(ProjectConfigurationPlatforms) = postSolution
		{C97E7625-1A58-4696-91F6-F5F7B1CB9DD8}.Debug|Any CPU.ActiveCfg = Debug|Any CPU
		{C97E7625-1A58-4696-91F6-F5F7B1CB9DD8}.Debug|Any CPU.Build.0 = Debug|Any CPU
		{C97E7625-1A58-4696-91F6-F5F7B1CB9DD8}.Release|Any CPU.ActiveCfg = Release|Any CPU
		{C97E7625-1A58-4696-91F6-F5F7B1CB9DD8}.Release|Any CPU.Build.0 = Release|Any CPU
		{2F3447A6-4D18-4073-B350-CFB97D7BF382}.Debug|Any CPU.ActiveCfg = Debug|Any CPU
		{2F3447A6-4D18-4073-B350-CFB97D7BF382}.Debug|Any CPU.Build.0 = Debug|Any CPU
		{2F3447A6-4D18-4073-B350-CFB97D7BF382}.Release|Any CPU.ActiveCfg = Release|Any CPU
		{2F3447A6-4D18-4073-B350-CFB97D7BF382}.Release|Any CPU.Build.0 = Release|Any CPU
		{AA6B4CDE-B567-46C9-BB13-00B4C12CFD1C}.Debug|Any CPU.ActiveCfg = Debug|Any CPU
		{AA6B4CDE-B567-46C9-BB13-00B4C12CFD1C}.Debug|Any CPU.Build.0 = Debug|Any CPU
		{AA6B4CDE-B567-46C9-BB13-00B4C12CFD1C}.Release|Any CPU.ActiveCfg = Release|Any CPU
		{AA6B4CDE-B567-46C9-BB13-00B4C12CFD1C}.Release|Any CPU.Build.0 = Release|Any CPU
	EndGlobalSection
	GlobalSection(SolutionProperties) = preSolution
		HideSolutionNode = FALSE
	EndGlobalSection
	GlobalSection(TeamFoundationVersionControl) = preSolution
		SccNumberOfProjects = 4
		SccEnterpriseProvider = {4CA58AB2-18FA-4F8D-95D4-32DDF27D184C}
		SccTeamFoundationServer = https://goingdevopsonthemicrosoftstack.visualstudio.com/defaultcollection
		SccLocalPath0 = .
		SccProjectUniqueName1 = RoslynPrefixNamespace\\RoslynPrefixNamespace.Test\\RoslynPrefixNamespace.Test.csproj
		SccProjectName1 = RoslynPrefixNamespace/RoslynPrefixNamespace.Test
		SccLocalPath1 = RoslynPrefixNamespace\\RoslynPrefixNamespace.Test
		SccProjectUniqueName2 = RoslynPrefixNamespace\\RoslynPrefixNamespace.Vsix\\RoslynPrefixNamespace.Vsix.csproj
		SccProjectName2 = RoslynPrefixNamespace/RoslynPrefixNamespace.Vsix
		SccLocalPath2 = RoslynPrefixNamespace\\RoslynPrefixNamespace.Vsix
		SccProjectUniqueName3 = RoslynPrefixNamespace\\RoslynPrefixNamespace\\RoslynPrefixNamespace.csproj
		SccProjectName3 = RoslynPrefixNamespace/RoslynPrefixNamespace
		SccLocalPath3 = RoslynPrefixNamespace\\RoslynPrefixNamespace
	EndGlobalSection
EndGlobal
